// !$*UTF8*$!
{
	archiveVersion = 1;
	classes = {
	};
	objectVersion = 60;
	objects = {

/* Begin PBXBuildFile section */
		74FB78B92EC515DA008564CE /* Assets.xcassets in Resources */ = {isa = PBXBuildFile; fileRef = 74FB78B02EC515DA008564CE /* Assets.xcassets */; };
		74FB78BB2EC515DA008564CE /* LaunchScreen.storyboard in Resources */ = {isa = PBXBuildFile; fileRef = 74FB78B32EC515DA008564CE /* LaunchScreen.storyboard */; };
		74FB78BC2EC515DA008564CE /* Main.storyboard in Resources */ = {isa = PBXBuildFile; fileRef = 74FB78B52EC515DA008564CE /* Main.storyboard */; };
		74FB78BD2EC515DA008564CE /* CoinsView.swift in Sources */ = {isa = PBXBuildFile; fileRef = 74FB78962EC515DA008564CE /* CoinsView.swift */; };
		74FB78BE2EC515DA008564CE /* MainBackGradient.swift in Sources */ = {isa = PBXBuildFile; fileRef = 74FB78972EC515DA008564CE /* MainBackGradient.swift */; };
		74FB78BF2EC515DA008564CE /* MainButton.swift in Sources */ = {isa = PBXBuildFile; fileRef = 74FB78982EC515DA008564CE /* MainButton.swift */; };
		74FB78C02EC515DA008564CE /* QuestionButtonView.swift in Sources */ = {isa = PBXBuildFile; fileRef = 74FB78992EC515DA008564CE /* QuestionButtonView.swift */; };
		74FB78C12EC515DA008564CE /* AchvmentsView.swift in Sources */ = {isa = PBXBuildFile; fileRef = 74FB789B2EC515DA008564CE /* AchvmentsView.swift */; };
		74FB78C22EC515DA008564CE /* AchvmentsViewModel.swift in Sources */ = {isa = PBXBuildFile; fileRef = 74FB789C2EC515DA008564CE /* AchvmentsViewModel.swift */; };
		74FB78C32EC515DA008564CE /* JesterViewModel.swift in Sources */ = {isa = PBXBuildFile; fileRef = 74FB789E2EC515DA008564CE /* JesterViewModel.swift */; };
		74FB78C42EC515DA008564CE /* MatchViewModel.swift in Sources */ = {isa = PBXBuildFile; fileRef = 74FB78A02EC515DA008564CE /* MatchViewModel.swift */; };
		74FB78C52EC515DA008564CE /* JesterView.swift in Sources */ = {isa = PBXBuildFile; fileRef = 74FB78A32EC515DA008564CE /* JesterView.swift */; };
		74FB78C62EC515DA008564CE /* MatchView.swift in Sources */ = {isa = PBXBuildFile; fileRef = 74FB78A52EC515DA008564CE /* MatchView.swift */; };
		74FB78C72EC515DA008564CE /* QuizRokiView.swift in Sources */ = {isa = PBXBuildFile; fileRef = 74FB78A72EC515DA008564CE /* QuizRokiView.swift */; };
		74FB78C82EC515DA008564CE /* SettingsView.swift in Sources */ = {isa = PBXBuildFile; fileRef = 74FB78A92EC515DA008564CE /* SettingsView.swift */; };
		74FB78C92EC515DA008564CE /* ContentView.swift in Sources */ = {isa = PBXBuildFile; fileRef = 74FB78AB2EC515DA008564CE /* ContentView.swift */; };
		74FB78CA2EC515DA008564CE /* StartView.swift in Sources */ = {isa = PBXBuildFile; fileRef = 74FB78AC2EC515DA008564CE /* StartView.swift */; };
		74FB78CB2EC515DA008564CE /* AppDelegate.swift in Sources */ = {isa = PBXBuildFile; fileRef = 74FB78AF2EC515DA008564CE /* AppDelegate.swift */; };
		74FB78CC2EC515DA008564CE /* SceneDelegate.swift in Sources */ = {isa = PBXBuildFile; fileRef = 74FB78B62EC515DA008564CE /* SceneDelegate.swift */; };
		74FB78CD2EC515DA008564CE /* ViewController.swift in Sources */ = {isa = PBXBuildFile; fileRef = 74FB78B72EC515DA008564CE /* ViewController.swift */; };
/* End PBXBuildFile section */

/* Begin PBXFileReference section */
		34782062AD7761A3A02F4067 /* Pods-MegaRoki.release.xcconfig */ = {isa = PBXFileReference; includeInIndex = 1; lastKnownFileType = text.xcconfig; name = "Pods-MegaRoki.release.xcconfig"; path = "Target Support Files/Pods-MegaRoki/Pods-MegaRoki.release.xcconfig"; sourceTree = "<group>"; };
		7483AA422EC22E05007721F5 /* MegaRoki.app */ = {isa = PBXFileReference; explicitFileType = wrapper.application; includeInIndex = 0; path = MegaRoki.app; sourceTree = BUILT_PRODUCTS_DIR; };
		74FB78962EC515DA008564CE /* CoinsView.swift */ = {isa = PBXFileReference; lastKnownFileType = sourcecode.swift; path = CoinsView.swift; sourceTree = "<group>"; };
		74FB78972EC515DA008564CE /* MainBackGradient.swift */ = {isa = PBXFileReference; lastKnownFileType = sourcecode.swift; path = MainBackGradient.swift; sourceTree = "<group>"; };
		74FB78982EC515DA008564CE /* MainButton.swift */ = {isa = PBXFileReference; lastKnownFileType = sourcecode.swift; path = MainButton.swift; sourceTree = "<group>"; };
		74FB78992EC515DA008564CE /* QuestionButtonView.swift */ = {isa = PBXFileReference; lastKnownFileType = sourcecode.swift; path = QuestionButtonView.swift; sourceTree = "<group>"; };
		74FB789B2EC515DA008564CE /* AchvmentsView.swift */ = {isa = PBXFileReference; lastKnownFileType = sourcecode.swift; path = AchvmentsView.swift; sourceTree = "<group>"; };
		74FB789C2EC515DA008564CE /* AchvmentsViewModel.swift */ = {isa = PBXFileReference; lastKnownFileType = sourcecode.swift; path = AchvmentsViewModel.swift; sourceTree = "<group>"; };
		74FB789E2EC515DA008564CE /* JesterViewModel.swift */ = {isa = PBXFileReference; lastKnownFileType = sourcecode.swift; path = JesterViewModel.swift; sourceTree = "<group>"; };
		74FB78A02EC515DA008564CE /* MatchViewModel.swift */ = {isa = PBXFileReference; lastKnownFileType = sourcecode.swift; path = MatchViewModel.swift; sourceTree = "<group>"; };
		74FB78A32EC515DA008564CE /* JesterView.swift */ = {isa = PBXFileReference; lastKnownFileType = sourcecode.swift; path = JesterView.swift; sourceTree = "<group>"; };
		74FB78A52EC515DA008564CE /* MatchView.swift */ = {isa = PBXFileReference; lastKnownFileType = sourcecode.swift; path = MatchView.swift; sourceTree = "<group>"; };
		74FB78A72EC515DA008564CE /* QuizRokiView.swift */ = {isa = PBXFileReference; lastKnownFileType = sourcecode.swift; path = QuizRokiView.swift; sourceTree = "<group>"; };
		74FB78A92EC515DA008564CE /* SettingsView.swift */ = {isa = PBXFileReference; lastKnownFileType = sourcecode.swift; path = SettingsView.swift; sourceTree = "<group>"; };
		74FB78AB2EC515DA008564CE /* ContentView.swift */ = {isa = PBXFileReference; lastKnownFileType = sourcecode.swift; path = ContentView.swift; sourceTree = "<group>"; };
		74FB78AC2EC515DA008564CE /* StartView.swift */ = {isa = PBXFileReference; lastKnownFileType = sourcecode.swift; path = StartView.swift; sourceTree = "<group>"; };
		74FB78AF2EC515DA008564CE /* AppDelegate.swift */ = {isa = PBXFileReference; lastKnownFileType = sourcecode.swift; path = AppDelegate.swift; sourceTree = "<group>"; };
		74FB78B02EC515DA008564CE /* Assets.xcassets */ = {isa = PBXFileReference; lastKnownFileType = folder.assetcatalog; path = Assets.xcassets; sourceTree = "<group>"; };
		74FB78B12EC515DA008564CE /* Info.plist */ = {isa = PBXFileReference; lastKnownFileType = text.plist.xml; path = Info.plist; sourceTree = "<group>"; };
		74FB78B22EC515DA008564CE /* Base */ = {isa = PBXFileReference; lastKnownFileType = file.storyboard; name = Base; path = Base.lproj/LaunchScreen.storyboard; sourceTree = "<group>"; };
		74FB78B42EC515DA008564CE /* Base */ = {isa = PBXFileReference; lastKnownFileType = file.storyboard; name = Base; path = Base.lproj/Main.storyboard; sourceTree = "<group>"; };
		74FB78B62EC515DA008564CE /* SceneDelegate.swift */ = {isa = PBXFileReference; lastKnownFileType = sourcecode.swift; path = SceneDelegate.swift; sourceTree = "<group>"; };
		74FB78B72EC515DA008564CE /* ViewController.swift */ = {isa = PBXFileReference; lastKnownFileType = sourcecode.swift; path = ViewController.swift; sourceTree = "<group>"; };
		8FD96CB5420E3B5174401ED8 /* Pods_MegaRoki.framework */ = {isa = PBXFileReference; explicitFileType = wrapper.framework; includeInIndex = 0; path = Pods_MegaRoki.framework; sourceTree = BUILT_PRODUCTS_DIR; };
		B47A1BC7053D0E6A0E8578FF /* Pods-MegaRoki.debug.xcconfig */ = {isa = PBXFileReference; includeInIndex = 1; lastKnownFileType = text.xcconfig; name = "Pods-MegaRoki.debug.xcconfig"; path = "Target Support Files/Pods-MegaRoki/Pods-MegaRoki.debug.xcconfig"; sourceTree = "<group>"; };
/* End PBXFileReference section */

/* Begin PBXFrameworksBuildPhase section */
		7483AA3F2EC22E05007721F5 /* Frameworks */ = {
			isa = PBXFrameworksBuildPhase;
			buildActionMask = 2147483647;
			files = (
			);
			runOnlyForDeploymentPostprocessing = 0;
		};
/* End PBXFrameworksBuildPhase section */

/* Begin PBXGroup section */
		004711F90F03B0642D386710 /* Frameworks */ = {
			isa = PBXGroup;
			children = (
				8FD96CB5420E3B5174401ED8 /* Pods_MegaRoki.framework */,
			);
			name = Frameworks;
			sourceTree = "<group>";
		};
		7483AA392EC22E05007721F5 = {
			isa = PBXGroup;
			children = (
				74FB78B82EC515DA008564CE /* MegaRoki */,
				7483AA432EC22E05007721F5 /* Products */,
				96BE320BA3973159989CD991 /* Pods */,
				004711F90F03B0642D386710 /* Frameworks */,
			);
			sourceTree = "<group>";
		};
		7483AA432EC22E05007721F5 /* Products */ = {
			isa = PBXGroup;
			children = (
				7483AA422EC22E05007721F5 /* MegaRoki.app */,
			);
			name = Products;
			sourceTree = "<group>";
		};
		74FB789A2EC515DA008564CE /* Helpters */ = {
			isa = PBXGroup;
			children = (
				74FB78962EC515DA008564CE /* CoinsView.swift */,
				74FB78972EC515DA008564CE /* MainBackGradient.swift */,
				74FB78982EC515DA008564CE /* MainButton.swift */,
				74FB78992EC515DA008564CE /* QuestionButtonView.swift */,
			);
			path = Helpters;
			sourceTree = "<group>";
		};
		74FB789D2EC515DA008564CE /* Achvments */ = {
			isa = PBXGroup;
			children = (
				74FB789B2EC515DA008564CE /* AchvmentsView.swift */,
				74FB789C2EC515DA008564CE /* AchvmentsViewModel.swift */,
			);
			path = Achvments;
			sourceTree = "<group>";
		};
		74FB789F2EC515DA008564CE /* jester */ = {
			isa = PBXGroup;
			children = (
				74FB789E2EC515DA008564CE /* JesterViewModel.swift */,
			);
			path = jester;
			sourceTree = "<group>";
		};
		74FB78A12EC515DA008564CE /* Match */ = {
			isa = PBXGroup;
			children = (
				74FB78A02EC515DA008564CE /* MatchViewModel.swift */,
			);
			path = Match;
			sourceTree = "<group>";
		};
		74FB78A22EC515DA008564CE /* ViewModels */ = {
			isa = PBXGroup;
			children = (
				74FB789D2EC515DA008564CE /* Achvments */,
				74FB789F2EC515DA008564CE /* jester */,
				74FB78A12EC515DA008564CE /* Match */,
			);
			path = ViewModels;
			sourceTree = "<group>";
		};
		74FB78A42EC515DA008564CE /* jester */ = {
			isa = PBXGroup;
			children = (
				74FB78A32EC515DA008564CE /* JesterView.swift */,
			);
			path = jester;
			sourceTree = "<group>";
		};
		74FB78A62EC515DA008564CE /* Match */ = {
			isa = PBXGroup;
			children = (
				74FB78A52EC515DA008564CE /* MatchView.swift */,
			);
			path = Match;
			sourceTree = "<group>";
		};
		74FB78A82EC515DA008564CE /* Quiz */ = {
			isa = PBXGroup;
			children = (
				74FB78A72EC515DA008564CE /* QuizRokiView.swift */,
			);
			path = Quiz;
			sourceTree = "<group>";
		};
		74FB78AA2EC515DA008564CE /* Settings */ = {
			isa = PBXGroup;
			children = (
				74FB78A92EC515DA008564CE /* SettingsView.swift */,
			);
			path = Settings;
			sourceTree = "<group>";
		};
		74FB78AD2EC515DA008564CE /* Start */ = {
			isa = PBXGroup;
			children = (
				74FB78AB2EC515DA008564CE /* ContentView.swift */,
				74FB78AC2EC515DA008564CE /* StartView.swift */,
			);
			path = Start;
			sourceTree = "<group>";
		};
		74FB78AE2EC515DA008564CE /* Views */ = {
			isa = PBXGroup;
			children = (
				74FB78A42EC515DA008564CE /* jester */,
				74FB78A62EC515DA008564CE /* Match */,
				74FB78A82EC515DA008564CE /* Quiz */,
				74FB78AA2EC515DA008564CE /* Settings */,
				74FB78AD2EC515DA008564CE /* Start */,
			);
			path = Views;
			sourceTree = "<group>";
		};
		74FB78B82EC515DA008564CE /* MegaRoki */ = {
			isa = PBXGroup;
			children = (
				74FB789A2EC515DA008564CE /* Helpters */,
				74FB78A22EC515DA008564CE /* ViewModels */,
				74FB78AE2EC515DA008564CE /* Views */,
				74FB78AF2EC515DA008564CE /* AppDelegate.swift */,
				74FB78B02EC515DA008564CE /* Assets.xcassets */,
				74FB78B12EC515DA008564CE /* Info.plist */,
				74FB78B32EC515DA008564CE /* LaunchScreen.storyboard */,
				74FB78B52EC515DA008564CE /* Main.storyboard */,
				74FB78B62EC515DA008564CE /* SceneDelegate.swift */,
				74FB78B72EC515DA008564CE /* ViewController.swift */,
			);
			path = MegaRoki;
			sourceTree = "<group>";
		};
		96BE320BA3973159989CD991 /* Pods */ = {
			isa = PBXGroup;
			children = (
				B47A1BC7053D0E6A0E8578FF /* Pods-MegaRoki.debug.xcconfig */,
				34782062AD7761A3A02F4067 /* Pods-MegaRoki.release.xcconfig */,
			);
			path = Pods;
			sourceTree = "<group>";
		};
/* End PBXGroup section */

/* Begin PBXNativeTarget section */
		7483AA412EC22E05007721F5 /* MegaRoki */ = {
			isa = PBXNativeTarget;
			buildConfigurationList = 7483AA552EC22E06007721F5 /* Build configuration list for PBXNativeTarget "MegaRoki" */;
			buildPhases = (
				FF48D6B8F9F9A82EA892ED3C /* [CP] Check Pods Manifest.lock */,
				7483AA3E2EC22E05007721F5 /* Sources */,
				7483AA3F2EC22E05007721F5 /* Frameworks */,
				7483AA402EC22E05007721F5 /* Resources */,
			);
			buildRules = (
			);
			dependencies = (
			);
			name = MegaRoki;
			productName = MegaRoki;
			productReference = 7483AA422EC22E05007721F5 /* MegaRoki.app */;
			productType = "com.apple.product-type.application";
		};
/* End PBXNativeTarget section */

/* Begin PBXProject section */
		7483AA3A2EC22E05007721F5 /* Project object */ = {
			isa = PBXProject;
			attributes = {
				BuildIndependentTargetsInParallel = 1;
				LastSwiftUpdateCheck = 2600;
				LastUpgradeCheck = 2600;
				TargetAttributes = {
					7483AA412EC22E05007721F5 = {
						CreatedOnToolsVersion = 26.0;
					};
				};
			};
			buildConfigurationList = 7483AA3D2EC22E05007721F5 /* Build configuration list for PBXProject "MegaRoki" */;
			compatibilityVersion = "Xcode 15.0";
			developmentRegion = en;
			hasScannedForEncodings = 0;
			knownRegions = (
				en,
				Base,
			);
			mainGroup = 7483AA392EC22E05007721F5;
			productRefGroup = 7483AA432EC22E05007721F5 /* Products */;
			projectDirPath = "";
			projectRoot = "";
			targets = (
				7483AA412EC22E05007721F5 /* MegaRoki */,
			);
		};
/* End PBXProject section */

/* Begin PBXResourcesBuildPhase section */
		7483AA402EC22E05007721F5 /* Resources */ = {
			isa = PBXResourcesBuildPhase;
			buildActionMask = 2147483647;
			files = (
				74FB78B92EC515DA008564CE /* Assets.xcassets in Resources */,
				74FB78BB2EC515DA008564CE /* LaunchScreen.storyboard in Resources */,
				74FB78BC2EC515DA008564CE /* Main.storyboard in Resources */,
			);
			runOnlyForDeploymentPostprocessing = 0;
		};
/* End PBXResourcesBuildPhase section */

/* Begin PBXShellScriptBuildPhase section */
		FF48D6B8F9F9A82EA892ED3C /* [CP] Check Pods Manifest.lock */ = {
			isa = PBXShellScriptBuildPhase;
			buildActionMask = 2147483647;
			files = (
			);
			inputFileListPaths = (
			);
			inputPaths = (
				"${PODS_PODFILE_DIR_PATH}/Podfile.lock",
				"${PODS_ROOT}/Manifest.lock",
			);
			name = "[CP] Check Pods Manifest.lock";
			outputFileListPaths = (
			);
			outputPaths = (
				"$(DERIVED_FILE_DIR)/Pods-MegaRoki-checkManifestLockResult.txt",
			);
			runOnlyForDeploymentPostprocessing = 0;
			shellPath = /bin/sh;
			shellScript = "diff \"${PODS_PODFILE_DIR_PATH}/Podfile.lock\" \"${PODS_ROOT}/Manifest.lock\" > /dev/null\nif [ $? != 0 ] ; then\n    # print error to STDERR\n    echo \"error: The sandbox is not in sync with the Podfile.lock. Run 'pod install' or update your CocoaPods installation.\" >&2\n    exit 1\nfi\n# This output is used by Xcode 'outputs' to avoid re-running this script phase.\necho \"SUCCESS\" > \"${SCRIPT_OUTPUT_FILE_0}\"\n";
			showEnvVarsInLog = 0;
		};
/* End PBXShellScriptBuildPhase section */

/* Begin PBXSourcesBuildPhase section */
		7483AA3E2EC22E05007721F5 /* Sources */ = {
			isa = PBXSourcesBuildPhase;
			buildActionMask = 2147483647;
			files = (
				74FB78BD2EC515DA008564CE /* CoinsView.swift in Sources */,
				74FB78BE2EC515DA008564CE /* MainBackGradient.swift in Sources */,
				74FB78BF2EC515DA008564CE /* MainButton.swift in Sources */,
				74FB78C02EC515DA008564CE /* QuestionButtonView.swift in Sources */,
				74FB78C12EC515DA008564CE /* AchvmentsView.swift in Sources */,
				74FB78C22EC515DA008564CE /* AchvmentsViewModel.swift in Sources */,
				74FB78C32EC515DA008564CE /* JesterViewModel.swift in Sources */,
				74FB78C42EC515DA008564CE /* MatchViewModel.swift in Sources */,
				74FB78C52EC515DA008564CE /* JesterView.swift in Sources */,
				74FB78C62EC515DA008564CE /* MatchView.swift in Sources */,
				74FB78C72EC515DA008564CE /* QuizRokiView.swift in Sources */,
				74FB78C82EC515DA008564CE /* SettingsView.swift in Sources */,
				74FB78C92EC515DA008564CE /* ContentView.swift in Sources */,
				74FB78CA2EC515DA008564CE /* StartView.swift in Sources */,
				74FB78CB2EC515DA008564CE /* AppDelegate.swift in Sources */,
				74FB78CC2EC515DA008564CE /* SceneDelegate.swift in Sources */,
				74FB78CD2EC515DA008564CE /* ViewController.swift in Sources */,
			);
			runOnlyForDeploymentPostprocessing = 0;
		};
/* End PBXSourcesBuildPhase section */

/* Begin PBXVariantGroup section */
		74FB78B32EC515DA008564CE /* LaunchScreen.storyboard */ = {
			isa = PBXVariantGroup;
			children = (
				74FB78B22EC515DA008564CE /* Base */,
			);
			name = LaunchScreen.storyboard;
			sourceTree = "<group>";
		};
		74FB78B52EC515DA008564CE /* Main.storyboard */ = {
			isa = PBXVariantGroup;
			children = (
				74FB78B42EC515DA008564CE /* Base */,
			);
			name = Main.storyboard;
			sourceTree = "<group>";
		};
/* End PBXVariantGroup section */

/* Begin XCBuildConfiguration section */
		7483AA562EC22E06007721F5 /* Debug */ = {
			isa = XCBuildConfiguration;
			baseConfigurationReference = B47A1BC7053D0E6A0E8578FF /* Pods-MegaRoki.debug.xcconfig */;
			buildSettings = {
				ASSETCATALOG_COMPILER_APPICON_NAME = AppIcon;
				ASSETCATALOG_COMPILER_GLOBAL_ACCENT_COLOR_NAME = AccentColor;
				CODE_SIGN_STYLE = Automatic;
				CURRENT_PROJECT_VERSION = 1;
				GENERATE_INFOPLIST_FILE = YES;
				INFOPLIST_FILE = MegaRoki/Info.plist;
				INFOPLIST_KEY_UIApplicationSupportsIndirectInputEvents = YES;
				INFOPLIST_KEY_UILaunchStoryboardName = LaunchScreen;
				INFOPLIST_KEY_UIMainStoryboardFile = Main;
				INFOPLIST_KEY_UISupportedInterfaceOrientations = UIInterfaceOrientationPortrait;
				INFOPLIST_KEY_UISupportedInterfaceOrientations_iPad = "UIInterfaceOrientationLandscapeLeft UIInterfaceOrientationLandscapeRight UIInterfaceOrientationPortrait UIInterfaceOrientationPortraitUpsideDown";
				IPHONEOS_DEPLOYMENT_TARGET = 16.6;
				LD_RUNPATH_SEARCH_PATHS = (
					"$(inherited)",
					"@executable_path/Frameworks",
				);
				MARKETING_VERSION = 1.0;
				PRODUCT_BUNDLE_IDENTIFIER = com.bev.m3g4r0k;
				PRODUCT_NAME = "$(TARGET_NAME)";
				STRING_CATALOG_GENERATE_SYMBOLS = YES;
				SUPPORTED_PLATFORMS = "iphoneos iphonesimulator";
				SUPPORTS_MACCATALYST = NO;
				SUPPORTS_MAC_DESIGNED_FOR_IPHONE_IPAD = NO;
				SUPPORTS_XR_DESIGNED_FOR_IPHONE_IPAD = NO;
				SWIFT_APPROACHABLE_CONCURRENCY = YES;
				SWIFT_DEFAULT_ACTOR_ISOLATION = MainActor;
				SWIFT_EMIT_LOC_STRINGS = YES;
				SWIFT_UPCOMING_FEATURE_MEMBER_IMPORT_VISIBILITY = YES;
				SWIFT_VERSION = 5.0;
				TARGETED_DEVICE_FAMILY = 1;
			};
			name = Debug;
		};
		7483AA572EC22E06007721F5 /* Release */ = {
			isa = XCBuildConfiguration;
			baseConfigurationReference = 34782062AD7761A3A02F4067 /* Pods-MegaRoki.release.xcconfig */;
			buildSettings = {
				ASSETCATALOG_COMPILER_APPICON_NAME = AppIcon;
				ASSETCATALOG_COMPILER_GLOBAL_ACCENT_COLOR_NAME = AccentColor;
				CODE_SIGN_STYLE = Automatic;
				CURRENT_PROJECT_VERSION = 1;
				GENERATE_INFOPLIST_FILE = YES;
				INFOPLIST_FILE = MegaRoki/Info.plist;
				INFOPLIST_KEY_UIApplicationSupportsIndirectInputEvents = YES;
				INFOPLIST_KEY_UILaunchStoryboardName = LaunchScreen;
				INFOPLIST_KEY_UIMainStoryboardFile = Main;
				INFOPLIST_KEY_UISupportedInterfaceOrientations = UIInterfaceOrientationPortrait;
				INFOPLIST_KEY_UISupportedInterfaceOrientations_iPad = "UIInterfaceOrientationLandscapeLeft UIInterfaceOrientationLandscapeRight UIInterfaceOrientationPortrait UIInterfaceOrientationPortraitUpsideDown";
				IPHONEOS_DEPLOYMENT_TARGET = 16.6;
				LD_RUNPATH_SEARCH_PATHS = (
					"$(inherited)",
					"@executable_path/Frameworks",
				);
				MARKETING_VERSION = 1.0;
				PRODUCT_BUNDLE_IDENTIFIER = com.bev.m3g4r0k;
				PRODUCT_NAME = "$(TARGET_NAME)";
				STRING_CATALOG_GENERATE_SYMBOLS = YES;
				SUPPORTED_PLATFORMS = "iphoneos iphonesimulator";
				SUPPORTS_MACCATALYST = NO;
				SUPPORTS_MAC_DESIGNED_FOR_IPHONE_IPAD = NO;
				SUPPORTS_XR_DESIGNED_FOR_IPHONE_IPAD = NO;
				SWIFT_APPROACHABLE_CONCURRENCY = YES;
				SWIFT_DEFAULT_ACTOR_ISOLATION = MainActor;
				SWIFT_EMIT_LOC_STRINGS = YES;
				SWIFT_UPCOMING_FEATURE_MEMBER_IMPORT_VISIBILITY = YES;
				SWIFT_VERSION = 5.0;
				TARGETED_DEVICE_FAMILY = 1;
			};
			name = Release;
		};
		7483AA582EC22E06007721F5 /* Debug */ = {
			isa = XCBuildConfiguration;
			buildSettings = {
				ALWAYS_SEARCH_USER_PATHS = NO;
				ASSETCATALOG_COMPILER_GENERATE_SWIFT_ASSET_SYMBOL_EXTENSIONS = YES;
				CLANG_ANALYZER_NONNULL = YES;
				CLANG_ANALYZER_NUMBER_OBJECT_CONVERSION = YES_AGGRESSIVE;
				CLANG_CXX_LANGUAGE_STANDARD = "gnu++20";
				CLANG_ENABLE_MODULES = YES;
				CLANG_ENABLE_OBJC_ARC = YES;
				CLANG_ENABLE_OBJC_WEAK = YES;
				CLANG_WARN_BLOCK_CAPTURE_AUTORELEASING = YES;
				CLANG_WARN_BOOL_CONVERSION = YES;
				CLANG_WARN_COMMA = YES;
				CLANG_WARN_CONSTANT_CONVERSION = YES;
				CLANG_WARN_DEPRECATED_OBJC_IMPLEMENTATIONS = YES;
				CLANG_WARN_DIRECT_OBJC_ISA_USAGE = YES_ERROR;
				CLANG_WARN_DOCUMENTATION_COMMENTS = YES;
				CLANG_WARN_EMPTY_BODY = YES;
				CLANG_WARN_ENUM_CONVERSION = YES;
				CLANG_WARN_INFINITE_RECURSION = YES;
				CLANG_WARN_INT_CONVERSION = YES;
				CLANG_WARN_NON_LITERAL_NULL_CONVERSION = YES;
				CLANG_WARN_OBJC_IMPLICIT_RETAIN_SELF = YES;
				CLANG_WARN_OBJC_LITERAL_CONVERSION = YES;
				CLANG_WARN_OBJC_ROOT_CLASS = YES_ERROR;
				CLANG_WARN_QUOTED_INCLUDE_IN_FRAMEWORK_HEADER = YES;
				CLANG_WARN_RANGE_LOOP_ANALYSIS = YES;
				CLANG_WARN_STRICT_PROTOTYPES = YES;
				CLANG_WARN_SUSPICIOUS_MOVE = YES;
				CLANG_WARN_UNGUARDED_AVAILABILITY = YES_AGGRESSIVE;
				CLANG_WARN_UNREACHABLE_CODE = YES;
				CLANG_WARN__DUPLICATE_METHOD_MATCH = YES;
				COPY_PHASE_STRIP = NO;
				DEBUG_INFORMATION_FORMAT = dwarf;
				ENABLE_STRICT_OBJC_MSGSEND = YES;
				ENABLE_TESTABILITY = YES;
				ENABLE_USER_SCRIPT_SANDBOXING = YES;
				GCC_C_LANGUAGE_STANDARD = gnu17;
				GCC_DYNAMIC_NO_PIC = NO;
				GCC_NO_COMMON_BLOCKS = YES;
				GCC_OPTIMIZATION_LEVEL = 0;
				GCC_PREPROCESSOR_DEFINITIONS = (
					"DEBUG=1",
					"$(inherited)",
				);
				GCC_WARN_64_TO_32_BIT_CONVERSION = YES;
				GCC_WARN_ABOUT_RETURN_TYPE = YES_ERROR;
				GCC_WARN_UNDECLARED_SELECTOR = YES;
				GCC_WARN_UNINITIALIZED_AUTOS = YES_AGGRESSIVE;
				GCC_WARN_UNUSED_FUNCTION = YES;
				GCC_WARN_UNUSED_VARIABLE = YES;
				IPHONEOS_DEPLOYMENT_TARGET = 26.0;
				LOCALIZATION_PREFERS_STRING_CATALOGS = YES;
				MTL_ENABLE_DEBUG_INFO = INCLUDE_SOURCE;
				MTL_FAST_MATH = YES;
				ONLY_ACTIVE_ARCH = YES;
				SDKROOT = iphoneos;
				SWIFT_ACTIVE_COMPILATION_CONDITIONS = "DEBUG $(inherited)";
				SWIFT_OPTIMIZATION_LEVEL = "-Onone";
			};
			name = Debug;
		};
		7483AA592EC22E06007721F5 /* Release */ = {
			isa = XCBuildConfiguration;
			buildSettings = {
				ALWAYS_SEARCH_USER_PATHS = NO;
				ASSETCATALOG_COMPILER_GENERATE_SWIFT_ASSET_SYMBOL_EXTENSIONS = YES;
				CLANG_ANALYZER_NONNULL = YES;
				CLANG_ANALYZER_NUMBER_OBJECT_CONVERSION = YES_AGGRESSIVE;
				CLANG_CXX_LANGUAGE_STANDARD = "gnu++20";
				CLANG_ENABLE_MODULES = YES;
				CLANG_ENABLE_OBJC_ARC = YES;
				CLANG_ENABLE_OBJC_WEAK = YES;
				CLANG_WARN_BLOCK_CAPTURE_AUTORELEASING = YES;
				CLANG_WARN_BOOL_CONVERSION = YES;
				CLANG_WARN_COMMA = YES;
				CLANG_WARN_CONSTANT_CONVERSION = YES;
				CLANG_WARN_DEPRECATED_OBJC_IMPLEMENTATIONS = YES;
				CLANG_WARN_DIRECT_OBJC_ISA_USAGE = YES_ERROR;
				CLANG_WARN_DOCUMENTATION_COMMENTS = YES;
				CLANG_WARN_EMPTY_BODY = YES;
				CLANG_WARN_ENUM_CONVERSION = YES;
				CLANG_WARN_INFINITE_RECURSION = YES;
				CLANG_WARN_INT_CONVERSION = YES;
				CLANG_WARN_NON_LITERAL_NULL_CONVERSION = YES;
				CLANG_WARN_OBJC_IMPLICIT_RETAIN_SELF = YES;
				CLANG_WARN_OBJC_LITERAL_CONVERSION = YES;
				CLANG_WARN_OBJC_ROOT_CLASS = YES_ERROR;
				CLANG_WARN_QUOTED_INCLUDE_IN_FRAMEWORK_HEADER = YES;
				CLANG_WARN_RANGE_LOOP_ANALYSIS = YES;
				CLANG_WARN_STRICT_PROTOTYPES = YES;
				CLANG_WARN_SUSPICIOUS_MOVE = YES;
				CLANG_WARN_UNGUARDED_AVAILABILITY = YES_AGGRESSIVE;
				CLANG_WARN_UNREACHABLE_CODE = YES;
				CLANG_WARN__DUPLICATE_METHOD_MATCH = YES;
				COPY_PHASE_STRIP = NO;
				DEBUG_INFORMATION_FORMAT = "dwarf-with-dsym";
				ENABLE_NS_ASSERTIONS = NO;
				ENABLE_STRICT_OBJC_MSGSEND = YES;
				ENABLE_USER_SCRIPT_SANDBOXING = YES;
				GCC_C_LANGUAGE_STANDARD = gnu17;
				GCC_NO_COMMON_BLOCKS = YES;
				GCC_WARN_64_TO_32_BIT_CONVERSION = YES;
				GCC_WARN_ABOUT_RETURN_TYPE = YES_ERROR;
				GCC_WARN_UNDECLARED_SELECTOR = YES;
				GCC_WARN_UNINITIALIZED_AUTOS = YES_AGGRESSIVE;
				GCC_WARN_UNUSED_FUNCTION = YES;
				GCC_WARN_UNUSED_VARIABLE = YES;
				IPHONEOS_DEPLOYMENT_TARGET = 26.0;
				LOCALIZATION_PREFERS_STRING_CATALOGS = YES;
				MTL_ENABLE_DEBUG_INFO = NO;
				MTL_FAST_MATH = YES;
				SDKROOT = iphoneos;
				SWIFT_COMPILATION_MODE = wholemodule;
				VALIDATE_PRODUCT = YES;
			};
			name = Release;
		};
/* End XCBuildConfiguration section */

/* Begin XCConfigurationList section */
		7483AA3D2EC22E05007721F5 /* Build configuration list for PBXProject "MegaRoki" */ = {
			isa = XCConfigurationList;
			buildConfigurations = (
				7483AA582EC22E06007721F5 /* Debug */,
				7483AA592EC22E06007721F5 /* Release */,
			);
			defaultConfigurationIsVisible = 0;
			defaultConfigurationName = Release;
		};
		7483AA552EC22E06007721F5 /* Build configuration list for PBXNativeTarget "MegaRoki" */ = {
			isa = XCConfigurationList;
			buildConfigurations = (
				7483AA562EC22E06007721F5 /* Debug */,
				7483AA572EC22E06007721F5 /* Release */,
			);
			defaultConfigurationIsVisible = 0;
			defaultConfigurationName = Release;
		};
/* End XCConfigurationList section */
	};
	rootObject = 7483AA3A2EC22E05007721F5 /* Project object */;
}
